# THIS IS AN AUTOGENERATED FILE. DO NOT EDIT THIS FILE DIRECTLY.
# yarn lockfile v1


prettier@^2.0.5:
  version "2.0.5"
  resolved "https://registry.yarnpkg.com/prettier/-/prettier-2.0.5.tgz#d6d56282455243f2f92cc1716692c08aa31522d4"
  integrity sha512-7PtVymN48hGcO4fGjybyBSIWDsLU4H4XlvOHfq91pz9kkGlonzwTfYkaIEwiRg/dAJF9YlbsduBAgtYLi+8cFg==

servor@^3.2.0:
  version "3.2.0"
  resolved "https://registry.yarnpkg.com/servor/-/servor-3.2.0.tgz#d630025ac69a7da7724bd6e1f02d65f9a56f8cca"
  integrity sha512-L9wmcl6AMlDN4DOmnjpY2ZoWmC3c6h4dxAug5oNq1uQrV2ZuPc6pKejwsZ23EBo7Sw0nZUZ8zN0qswHc/JZs2g==
